
Microsoft Visual Studio Solution File, Format Version 12.00
# Visual Studio Version 16
VisualStudioVersion = 16.0.31605.320
MinimumVisualStudioVersion = 10.0.40219.1
Project("{FAE04EC0-301F-11D3-BF4B-00C04F79EFBC}") = "ham mafia extension", "ConsoleApp3\ham mafia extension.csproj", "{A0562A1A-A466-471D-A1A8-F46A64165482}"
EndProject
Global
	GlobalSection(SolutionConfigurationPlatforms) = preSolution
		Debug|Any CPU = Debug|Any CPU
		Release|Any CPU = Release|Any CPU
	EndGlobalSection
	GlobalSection(ProjectConfigurationPlatforms) = postSolution
		{A0562A1A-A466-471D-A1A8-F46A64165482}.Debug|Any CPU.ActiveCfg = Debug|Any CPU
		{A0562A1A-A466-471D-A1A8-F46A64165482}.Debug|Any CPU.Build.0 = Debug|Any CPU
		{A0562A1A-A466-471D-A1A8-F46A64165482}.Release|Any CPU.ActiveCfg = Release|Any CPU
		{A0562A1A-A466-471D-A1A8-F46A64165482}.Release|Any CPU.Build.0 = Release|Any CPU
	EndGlobalSection
	GlobalSection(SolutionProperties) = preSolution
		HideSolutionNode = FALSE
	EndGlobalSection
	GlobalSection(ExtensibilityGlobals) = postSolution
		SolutionGuid = {3CE53BAE-506E-4F26-8AD3-EAEB52C98397}
	EndGlobalSection
EndGlobal
